
Microsoft Visual Studio Solution File, Format Version 12.00
# Visual Studio Version 17
VisualStudioVersion = 17.5.33424.131
MinimumVisualStudioVersion = 10.0.40219.1
Project("{FAE04EC0-301F-11D3-BF4B-00C04F79EFBC}") = "AcademiControl", "AcademiControl\AcademiControl.csproj", "{BA1CF84F-AB7D-4D45-8A1F-C9A64A30672A}"
EndProject
Global
	GlobalSection(SolutionConfigurationPlatforms) = preSolution
		Debug|Any CPU = Debug|Any CPU
		Release|Any CPU = Release|Any CPU
	EndGlobalSection
	GlobalSection(ProjectConfigurationPlatforms) = postSolution
		{BA1CF84F-AB7D-4D45-8A1F-C9A64A30672A}.Debug|Any CPU.ActiveCfg = Debug|Any CPU
		{BA1CF84F-AB7D-4D45-8A1F-C9A64A30672A}.Debug|Any CPU.Build.0 = Debug|Any CPU
		{BA1CF84F-AB7D-4D45-8A1F-C9A64A30672A}.Release|Any CPU.ActiveCfg = Release|Any CPU
		{BA1CF84F-AB7D-4D45-8A1F-C9A64A30672A}.Release|Any CPU.Build.0 = Release|Any CPU
	EndGlobalSection
	GlobalSection(SolutionProperties) = preSolution
		HideSolutionNode = FALSE
	EndGlobalSection
	GlobalSection(ExtensibilityGlobals) = postSolution
		SolutionGuid = {367ADFBC-0DEA-4DF5-9511-C095D445A8B5}
	EndGlobalSection
EndGlobal
